{
  "name": "asset-compiler",
  "version": "0.0.1",
  "lockfileVersion": 2,
  "requires": true,
  "packages": {
    "": {
      "name": "asset-compiler",
      "version": "0.0.1",
      "license": "MIT",
      "dependencies": {
        "@resvg/resvg-js": "^2.4.1"
      }
    },
    "node_modules/@resvg/resvg-js": {
      "version": "2.4.1",
      "resolved": "https://registry.npmjs.org/@resvg/resvg-js/-/resvg-js-2.4.1.tgz",
      "integrity": "sha512-wTOf1zerZX8qYcMmLZw3czR4paI4hXqPjShNwJRh5DeHxvgffUS5KM7XwxtbIheUW6LVYT5fhT2AJiP6mU7U4A==",
      "engines": {
        "node": ">= 10"
      },
      "optionalDependencies": {
        "@resvg/resvg-js-android-arm-eabi": "2.4.1",
        "@resvg/resvg-js-android-arm64": "2.4.1",
        "@resvg/resvg-js-darwin-arm64": "2.4.1",
        "@resvg/resvg-js-darwin-x64": "2.4.1",
        "@resvg/resvg-js-linux-arm-gnueabihf": "2.4.1",
        "@resvg/resvg-js-linux-arm64-gnu": "2.4.1",
        "@resvg/resvg-js-linux-arm64-musl": "2.4.1",
        "@resvg/resvg-js-linux-x64-gnu": "2.4.1",
        "@resvg/resvg-js-linux-x64-musl": "2.4.1",
        "@resvg/resvg-js-win32-arm64-msvc": "2.4.1",
        "@resvg/resvg-js-win32-ia32-msvc": "2.4.1",
        "@resvg/resvg-js-win32-x64-msvc": "2.4.1"
      }
    },
    "node_modules/@resvg/resvg-js-android-arm-eabi": {
      "version": "2.4.1",
      "resolved": "https://registry.npmjs.org/@resvg/resvg-js-android-arm-eabi/-/resvg-js-android-arm-eabi-2.4.1.tgz",
      "integrity": "sha512-AA6f7hS0FAPpvQMhBCf6f1oD1LdlqNXKCxAAPpKh6tR11kqV0YIB9zOlIYgITM14mq2YooLFl6XIbbvmY+jwUw==",
      "cpu": [
        "arm"
      ],
      "optional": true,
      "os": [
        "android"
      ],
      "engines": {
        "node": ">= 10"
      }
    },
    "node_modules/@resvg/resvg-js-android-arm64": {
      "version": "2.4.1",
      "resolved": "https://registry.npmjs.org/@resvg/resvg-js-android-arm64/-/resvg-js-android-arm64-2.4.1.tgz",
      "integrity": "sha512-/QleoRdPfsEuH9jUjilYcDtKK/BkmWcK+1LXM8L2nsnf/CI8EnFyv7ZzCj4xAIvZGAy9dTYr/5NZBcTwxG2HQg==",
      "cpu": [
        "arm64"
      ],
      "optional": true,
      "os": [
        "android"
      ],
      "engines": {
        "node": ">= 10"
      }
    },
    "node_modules/@resvg/resvg-js-darwin-arm64": {
      "version": "2.4.1",
      "resolved": "https://registry.npmjs.org/@resvg/resvg-js-darwin-arm64/-/resvg-js-darwin-arm64-2.4.1.tgz",
      "integrity": "sha512-U1oMNhea+kAXgiEXgzo7EbFGCD1Edq5aSlQoe6LMly6UjHzgx2W3N5kEXCwU/CgN5FiQhZr7PlSJSlcr7mdhfg==",
      "cpu": [
        "arm64"
      ],
      "optional": true,
      "os": [
        "darwin"
      ],
      "engines": {
        "node": ">= 10"
      }
    },
    "node_modules/@resvg/resvg-js-darwin-x64": {
      "version": "2.4.1",
      "resolved": "https://registry.npmjs.org/@resvg/resvg-js-darwin-x64/-/resvg-js-darwin-x64-2.4.1.tgz",
      "integrity": "sha512-avyVh6DpebBfHHtTQTZYSr6NG1Ur6TEilk1+H0n7V+g4F7x7WPOo8zL00ZhQCeRQ5H4f8WXNWIEKL8fwqcOkYw==",
      "cpu": [
        "x64"
      ],
      "optional": true,
      "os": [
        "darwin"
      ],
      "engines": {
        "node": ">= 10"
      }
    },
    "node_modules/@resvg/resvg-js-linux-arm-gnueabihf": {
      "version": "2.4.1",
      "resolved": "https://registry.npmjs.org/@resvg/resvg-js-linux-arm-gnueabihf/-/resvg-js-linux-arm-gnueabihf-2.4.1.tgz",
      "integrity": "sha512-isY/mdKoBWH4VB5v621co+8l101jxxYjuTkwOLsbW+5RK9EbLciPlCB02M99ThAHzI2MYxIUjXNmNgOW8btXvw==",
      "cpu": [
        "arm"
      ],
      "optional": true,
      "os": [
        "linux"
      ],
      "engines": {
        "node": ">= 10"
      }
    },
    "node_modules/@resvg/resvg-js-linux-arm64-gnu": {
      "version": "2.4.1",
      "resolved": "https://registry.npmjs.org/@resvg/resvg-js-linux-arm64-gnu/-/resvg-js-linux-arm64-gnu-2.4.1.tgz",
      "integrity": "sha512-uY5voSCrFI8TH95vIYBm5blpkOtltLxLRODyhKJhGfskOI7XkRw5/t1u0sWAGYD8rRSNX+CA+np86otKjubrNg==",
      "cpu": [
        "arm64"
      ],
      "optional": true,
      "os": [
        "linux"
      ],
      "engines": {
        "node": ">= 10"
      }
    },
    "node_modules/@resvg/resvg-js-linux-arm64-musl": {
      "version": "2.4.1",
      "resolved": "https://registry.npmjs.org/@resvg/resvg-js-linux-arm64-musl/-/resvg-js-linux-arm64-musl-2.4.1.tgz",
      "integrity": "sha512-6mT0+JBCsermKMdi/O2mMk3m7SqOjwi9TKAwSngRZ/nQoL3Z0Z5zV+572ztgbWr0GODB422uD8e9R9zzz38dRQ==",
      "cpu": [
        "arm64"
      ],
      "optional": true,
      "os": [
        "linux"
      ],
      "engines": {
        "node": ">= 10"
      }
    },
    "node_modules/@resvg/resvg-js-linux-x64-gnu": {
      "version": "2.4.1",
      "resolved": "https://registry.npmjs.org/@resvg/resvg-js-linux-x64-gnu/-/resvg-js-linux-x64-gnu-2.4.1.tgz",
      "integrity": "sha512-60KnrscLj6VGhkYOJEmmzPlqqfcw1keDh6U+vMcNDjPhV3B5vRSkpP/D/a8sfokyeh4VEacPSYkWGezvzS2/mg==",
      "cpu": [
        "x64"
      ],
      "optional": true,
      "os": [
        "linux"
      ],
      "engines": {
        "node": ">= 10"
      }
    },
    "node_modules/@resvg/resvg-js-linux-x64-musl": {
      "version": "2.4.1",
      "resolved": "https://registry.npmjs.org/@resvg/resvg-js-linux-x64-musl/-/resvg-js-linux-x64-musl-2.4.1.tgz",
      "integrity": "sha512-0AMyZSICC1D7ge115cOZQW8Pcad6PjWuZkBFF3FJuSxC6Dgok0MQnLTs2MfMdKBlAcwO9dXsf3bv9tJZj8pATA==",
      "cpu": [
        "x64"
      ],
      "optional": true,
      "os": [
        "linux"
      ],
      "engines": {
        "node": ">= 10"
      }
    },
    "node_modules/@resvg/resvg-js-win32-arm64-msvc": {
      "version": "2.4.1",
      "resolved": "https://registry.npmjs.org/@resvg/resvg-js-win32-arm64-msvc/-/resvg-js-win32-arm64-msvc-2.4.1.tgz",
      "integrity": "sha512-76XDFOFSa3d0QotmcNyChh2xHwk+JTFiEQBVxMlHpHMeq7hNrQJ1IpE1zcHSQvrckvkdfLboKRrlGB86B10Qjw==",
      "cpu": [
        "arm64"
      ],
      "optional": true,
      "os": [
        "win32"
      ],
      "engines": {
        "node": ">= 10"
      }
    },
    "node_modules/@resvg/resvg-js-win32-ia32-msvc": {
      "version": "2.4.1",
      "resolved": "https://registry.npmjs.org/@resvg/resvg-js-win32-ia32-msvc/-/resvg-js-win32-ia32-msvc-2.4.1.tgz",
      "integrity": "sha512-odyVFGrEWZIzzJ89KdaFtiYWaIJh9hJRW/frcEcG3agJ464VXkN/2oEVF5ulD+5mpGlug9qJg7htzHcKxDN8sg==",
      "cpu": [
        "ia32"
      ],
      "optional": true,
      "os": [
        "win32"
      ],
      "engines": {
        "node": ">= 10"
      }
    },
    "node_modules/@resvg/resvg-js-win32-x64-msvc": {
      "version": "2.4.1",
      "resolved": "https://registry.npmjs.org/@resvg/resvg-js-win32-x64-msvc/-/resvg-js-win32-x64-msvc-2.4.1.tgz",
      "integrity": "sha512-vY4kTLH2S3bP+puU5x7hlAxHv+ulFgcK6Zn3efKSr0M0KnZ9A3qeAjZteIpkowEFfUeMPNg2dvvoFRJA9zqxSw==",
      "cpu": [
        "x64"
      ],
      "optional": true,
      "os": [
        "win32"
      ],
      "engines": {
        "node": ">= 10"
      }
    }
  },
  "dependencies": {
    "@resvg/resvg-js": {
      "version": "2.4.1",
      "resolved": "https://registry.npmjs.org/@resvg/resvg-js/-/resvg-js-2.4.1.tgz",
      "integrity": "sha512-wTOf1zerZX8qYcMmLZw3czR4paI4hXqPjShNwJRh5DeHxvgffUS5KM7XwxtbIheUW6LVYT5fhT2AJiP6mU7U4A==",
      "requires": {
        "@resvg/resvg-js-android-arm-eabi": "2.4.1",
        "@resvg/resvg-js-android-arm64": "2.4.1",
        "@resvg/resvg-js-darwin-arm64": "2.4.1",
        "@resvg/resvg-js-darwin-x64": "2.4.1",
        "@resvg/resvg-js-linux-arm-gnueabihf": "2.4.1",
        "@resvg/resvg-js-linux-arm64-gnu": "2.4.1",
        "@resvg/resvg-js-linux-arm64-musl": "2.4.1",
        "@resvg/resvg-js-linux-x64-gnu": "2.4.1",
        "@resvg/resvg-js-linux-x64-musl": "2.4.1",
        "@resvg/resvg-js-win32-arm64-msvc": "2.4.1",
        "@resvg/resvg-js-win32-ia32-msvc": "2.4.1",
        "@resvg/resvg-js-win32-x64-msvc": "2.4.1"
      }
    },
    "@resvg/resvg-js-android-arm-eabi": {
      "version": "2.4.1",
      "resolved": "https://registry.npmjs.org/@resvg/resvg-js-android-arm-eabi/-/resvg-js-android-arm-eabi-2.4.1.tgz",
      "integrity": "sha512-AA6f7hS0FAPpvQMhBCf6f1oD1LdlqNXKCxAAPpKh6tR11kqV0YIB9zOlIYgITM14mq2YooLFl6XIbbvmY+jwUw==",
      "optional": true
    },
    "@resvg/resvg-js-android-arm64": {
      "version": "2.4.1",
      "resolved": "https://registry.npmjs.org/@resvg/resvg-js-android-arm64/-/resvg-js-android-arm64-2.4.1.tgz",
      "integrity": "sha512-/QleoRdPfsEuH9jUjilYcDtKK/BkmWcK+1LXM8L2nsnf/CI8EnFyv7ZzCj4xAIvZGAy9dTYr/5NZBcTwxG2HQg==",
      "optional": true
    },
    "@resvg/resvg-js-darwin-arm64": {
      "version": "2.4.1",
      "resolved": "https://registry.npmjs.org/@resvg/resvg-js-darwin-arm64/-/resvg-js-darwin-arm64-2.4.1.tgz",
      "integrity": "sha512-U1oMNhea+kAXgiEXgzo7EbFGCD1Edq5aSlQoe6LMly6UjHzgx2W3N5kEXCwU/CgN5FiQhZr7PlSJSlcr7mdhfg==",
      "optional": true
    },
    "@resvg/resvg-js-darwin-x64": {
      "version": "2.4.1",
      "resolved": "https://registry.npmjs.org/@resvg/resvg-js-darwin-x64/-/resvg-js-darwin-x64-2.4.1.tgz",
      "integrity": "sha512-avyVh6DpebBfHHtTQTZYSr6NG1Ur6TEilk1+H0n7V+g4F7x7WPOo8zL00ZhQCeRQ5H4f8WXNWIEKL8fwqcOkYw==",
      "optional": true
    },
    "@resvg/resvg-js-linux-arm-gnueabihf": {
      "version": "2.4.1",
      "resolved": "https://registry.npmjs.org/@resvg/resvg-js-linux-arm-gnueabihf/-/resvg-js-linux-arm-gnueabihf-2.4.1.tgz",
      "integrity": "sha512-isY/mdKoBWH4VB5v621co+8l101jxxYjuTkwOLsbW+5RK9EbLciPlCB02M99ThAHzI2MYxIUjXNmNgOW8btXvw==",
      "optional": true
    },
    "@resvg/resvg-js-linux-arm64-gnu": {
      "version": "2.4.1",
      "resolved": "https://registry.npmjs.org/@resvg/resvg-js-linux-arm64-gnu/-/resvg-js-linux-arm64-gnu-2.4.1.tgz",
      "integrity": "sha512-uY5voSCrFI8TH95vIYBm5blpkOtltLxLRODyhKJhGfskOI7XkRw5/t1u0sWAGYD8rRSNX+CA+np86otKjubrNg==",
      "optional": true
    },
    "@resvg/resvg-js-linux-arm64-musl": {
      "version": "2.4.1",
      "resolved": "https://registry.npmjs.org/@resvg/resvg-js-linux-arm64-musl/-/resvg-js-linux-arm64-musl-2.4.1.tgz",
      "integrity": "sha512-6mT0+JBCsermKMdi/O2mMk3m7SqOjwi9TKAwSngRZ/nQoL3Z0Z5zV+572ztgbWr0GODB422uD8e9R9zzz38dRQ==",
      "optional": true
    },
    "@resvg/resvg-js-linux-x64-gnu": {
      "version": "2.4.1",
      "resolved": "https://registry.npmjs.org/@resvg/resvg-js-linux-x64-gnu/-/resvg-js-linux-x64-gnu-2.4.1.tgz",
      "integrity": "sha512-60KnrscLj6VGhkYOJEmmzPlqqfcw1keDh6U+vMcNDjPhV3B5vRSkpP/D/a8sfokyeh4VEacPSYkWGezvzS2/mg==",
      "optional": true
    },
    "@resvg/resvg-js-linux-x64-musl": {
      "version": "2.4.1",
      "resolved": "https://registry.npmjs.org/@resvg/resvg-js-linux-x64-musl/-/resvg-js-linux-x64-musl-2.4.1.tgz",
      "integrity": "sha512-0AMyZSICC1D7ge115cOZQW8Pcad6PjWuZkBFF3FJuSxC6Dgok0MQnLTs2MfMdKBlAcwO9dXsf3bv9tJZj8pATA==",
      "optional": true
    },
    "@resvg/resvg-js-win32-arm64-msvc": {
      "version": "2.4.1",
      "resolved": "https://registry.npmjs.org/@resvg/resvg-js-win32-arm64-msvc/-/resvg-js-win32-arm64-msvc-2.4.1.tgz",
      "integrity": "sha512-76XDFOFSa3d0QotmcNyChh2xHwk+JTFiEQBVxMlHpHMeq7hNrQJ1IpE1zcHSQvrckvkdfLboKRrlGB86B10Qjw==",
      "optional": true
    },
    "@resvg/resvg-js-win32-ia32-msvc": {
      "version": "2.4.1",
      "resolved": "https://registry.npmjs.org/@resvg/resvg-js-win32-ia32-msvc/-/resvg-js-win32-ia32-msvc-2.4.1.tgz",
      "integrity": "sha512-odyVFGrEWZIzzJ89KdaFtiYWaIJh9hJRW/frcEcG3agJ464VXkN/2oEVF5ulD+5mpGlug9qJg7htzHcKxDN8sg==",
      "optional": true
    },
    "@resvg/resvg-js-win32-x64-msvc": {
      "version": "2.4.1",
      "resolved": "https://registry.npmjs.org/@resvg/resvg-js-win32-x64-msvc/-/resvg-js-win32-x64-msvc-2.4.1.tgz",
      "integrity": "sha512-vY4kTLH2S3bP+puU5x7hlAxHv+ulFgcK6Zn3efKSr0M0KnZ9A3qeAjZteIpkowEFfUeMPNg2dvvoFRJA9zqxSw==",
      "optional": true
    }
  }
}
